
Microsoft Visual Studio Solution File, Format Version 12.00
# Visual Studio Version 16
VisualStudioVersion = 16.0.33927.289
MinimumVisualStudioVersion = 10.0.40219.1
Project("{D2ABAB84-BF74-430A-B69E-9DC6D40DDA17}") = "MultidimensionalProject", "MultidimensionalProject.dwproj", "{4FF8B635-78AA-4845-9D66-414252E62005}"
EndProject
Global
	GlobalSection(SolutionConfigurationPlatforms) = preSolution
		Development|Default = Development|Default
	EndGlobalSection
	GlobalSection(ProjectConfigurationPlatforms) = postSolution
		{4FF8B635-78AA-4845-9D66-414252E62005}.Development|Default.ActiveCfg = Development
		{4FF8B635-78AA-4845-9D66-414252E62005}.Development|Default.Build.0 = Development
		{4FF8B635-78AA-4845-9D66-414252E62005}.Development|Default.Deploy.0 = Development
	EndGlobalSection
	GlobalSection(SolutionProperties) = preSolution
		HideSolutionNode = FALSE
	EndGlobalSection
	GlobalSection(ExtensibilityGlobals) = postSolution
		SolutionGuid = {6B9634B2-7BAE-4666-B201-B89FB9100C33}
	EndGlobalSection
EndGlobal
